
Microsoft Visual Studio Solution File, Format Version 12.00
Project("{FAE04EC0-301F-11D3-BF4B-00C04F79EFBC}") = "BulkyWeb", "BulkyWeb\BulkyWeb.csproj", "{DA4D4AFD-7B5A-4D17-882F-154FFF3942CE}"
EndProject
Global
	GlobalSection(SolutionConfigurationPlatforms) = preSolution
		Debug|Any CPU = Debug|Any CPU
		Release|Any CPU = Release|Any CPU
	EndGlobalSection
	GlobalSection(ProjectConfigurationPlatforms) = postSolution
		{DA4D4AFD-7B5A-4D17-882F-154FFF3942CE}.Debug|Any CPU.ActiveCfg = Debug|Any CPU
		{DA4D4AFD-7B5A-4D17-882F-154FFF3942CE}.Debug|Any CPU.Build.0 = Debug|Any CPU
		{DA4D4AFD-7B5A-4D17-882F-154FFF3942CE}.Release|Any CPU.ActiveCfg = Release|Any CPU
		{DA4D4AFD-7B5A-4D17-882F-154FFF3942CE}.Release|Any CPU.Build.0 = Release|Any CPU
	EndGlobalSection
EndGlobal
